{
  "version": 4,
  "terraform_version": "1.2.9",
  "serial": 29,
  "lineage": "36e1b4f9-671f-9bde-135e-a26632cb769a",
  "outputs": {},
  "resources": [
    {
      "module": "module.eks",
      "mode": "managed",
      "type": "aws_eks_cluster",
      "name": "eks_cluster",
      "provider": "provider[\"registry.terraform.io/hashicorp/aws\"]",
      "instances": [
        {
          "schema_version": 0,
          "attributes": {
            "arn": "arn:aws:eks:us-west-2:939178415097:cluster/pre-prod-eks-cluster",
            "certificate_authority": [
              {
                "data": "LS0tLS1CRUdJTiBDRVJUSUZJQ0FURS0tLS0tCk1JSUMvakNDQWVhZ0F3SUJBZ0lCQURBTkJna3Foa2lHOXcwQkFRc0ZBREFWTVJNd0VRWURWUVFERXdwcmRXSmwKY201bGRHVnpNQjRYRFRJeU1Ea3lNREV4TkRBMU0xb1hEVE15TURreE56RXhOREExTTFvd0ZURVRNQkVHQTFVRQpBeE1LYTNWaVpYSnVaWFJsY3pDQ0FTSXdEUVlKS29aSWh2Y05BUUVCQlFBRGdnRVBBRENDQVFvQ2dnRUJBTHZnClVwTUl5aDI5VXJkM2dNcHpQWmVvY2oycTVBdUNwemt0M2p6WWNkclpqV0Z6ZUhZY0pnYjFUVGgrWnAwREUvRnIKNHlET0pVczBsaTZJc1pGbStxTFB2dE1ZblFMMDBSeENMUGNPYTFORFplMDhwZ3YrYUoybHUralJ5M2dkd1pNSwpDZWtTRTdNVlBxQzBpYVpEVHVVTHhkaVlISHVyZmMyOGZlTHVpelFrMU5RNzhtMnlaellqNWN0d1dxYnZRUzJBCnZvK1doZVBvemFSVCtVYzdlbHk0b3F2TGtXVDc3bzNPeEhud0ZaeWJudUtnbS9ZNUdLa3ZyNm0rclJ0NUxXOE0KWWxCQi91a0ZRZW5GU1k3RHRTT3RxMjcwamx4NVlSV1d4WGhIbGZ3VFdyVTBodEhaVWZVQmxVNU9icHVPdVZjeQpLZHNrenEvT1A0MjFrazZUVzcwQ0F3RUFBYU5aTUZjd0RnWURWUjBQQVFIL0JBUURBZ0trTUE4R0ExVWRFd0VCCi93UUZNQU1CQWY4d0hRWURWUjBPQkJZRUZDMjFxaVlrRXJpZ2JHSUhnYytWbk9OblJ4azBNQlVHQTFVZEVRUU8KTUF5Q0NtdDFZbVZ5Ym1WMFpYTXdEUVlKS29aSWh2Y05BUUVMQlFBRGdnRUJBTHNKMFRoc3dXVlZMY0h1RHlmcApsLzZzQTFQcVY3bnEvQ2oveWZ4QlI4emlSRUlCNTU3SUREKzlLMnZpUGhSakdhTFlkOU5wYm1oWGZPSEo4OEJNCkcrY2VhMDhFSU0wTk0ya3hIOGRJQTM0bTl3OGc3NGJaZU03YlovMWU3MXk3ZDNGTjhmWWZYd3lQeWJWTVZ2YS8KU1J1MkI5TWxzNGdYa0UwM0JqN2VBaWhLUmkzakR2QTZFVlpuSmdOdVFYUm1aT1NZQm1IUVlCRzlTQ3ZCODVxbgpjQ0V4QUsvU0dOWGZCSDJCQXl1c0V2K3gxbERXY3IzUkhUaUxMMm9DY1Z5OE9rQStudkw0TlExWm4wUFdRdGpoClpQMlNITnM1bWwrSnFLUTJKdDlnbFVKUE40RTdFRTNXOTNmY0gzUGoreW1qelJwUmRsVHNGQzJUcnZ3NDFjdXkKYy9jPQotLS0tLUVORCBDRVJUSUZJQ0FURS0tLS0tCg=="
              }
            ],
            "created_at": "2022-09-20 11:34:00.155 +0000 UTC",
            "enabled_cluster_log_types": [],
            "encryption_config": [],
            "endpoint": "https://8B66E0577AD4EC8E0E173E1B4C146C03.gr7.us-west-2.eks.amazonaws.com",
            "id": "pre-prod-eks-cluster",
            "identity": [
              {
                "oidc": [
                  {
                    "issuer": "https://oidc.eks.us-west-2.amazonaws.com/id/8B66E0577AD4EC8E0E173E1B4C146C03"
                  }
                ]
              }
            ],
            "kubernetes_network_config": [
              {
                "ip_family": "ipv4",
                "service_ipv4_cidr": "172.20.0.0/16"
              }
            ],
            "name": "pre-prod-eks-cluster",
            "platform_version": "eks.5",
            "role_arn": "arn:aws:iam::939178415097:role/pre_prod_eks_cluster_role",
            "status": "ACTIVE",
            "tags": {
              "Environment": "preprod"
            },
            "tags_all": {
              "Environment": "preprod"
            },
            "timeouts": null,
            "version": "1.22",
            "vpc_config": [
              {
                "cluster_security_group_id": "sg-001f4d5b6da4ab0e6",
                "endpoint_private_access": true,
                "endpoint_public_access": false,
                "public_access_cidrs": [],
                "security_group_ids": [
                  "sg-0470081ade4442f92"
                ],
                "subnet_ids": [
                  "subnet-01844355bd3b8abbf",
                  "subnet-0895d7b63609120af",
                  "subnet-0eb6c72eaa3bce2dc",
                  "subnet-0f3b0d01a275f0250"
                ],
                "vpc_id": "vpc-08fcbad31b564128e"
              }
            ]
          },
          "sensitive_attributes": [],
          "private": "eyJlMmJmYjczMC1lY2FhLTExZTYtOGY4OC0zNDM2M2JjN2M0YzAiOnsiY3JlYXRlIjoxODAwMDAwMDAwMDAwLCJkZWxldGUiOjkwMDAwMDAwMDAwMCwidXBkYXRlIjozNjAwMDAwMDAwMDAwfX0=",
          "dependencies": [
            "module.eks.aws_iam_role.cluster_role",
            "module.eks.aws_iam_role_policy_attachment.eks-cluster-AmazonEKSClusterPolicy",
            "module.eks.aws_iam_role_policy_attachment.eks-cluster-AmazonEKSServicePolicy",
            "module.eks.aws_security_group.eks_cluster_additional_sg"
          ],
          "create_before_destroy": true
        }
      ]
    },
    {
      "module": "module.eks",
      "mode": "managed",
      "type": "aws_eks_node_group",
      "name": "default_node_group",
      "provider": "provider[\"registry.terraform.io/hashicorp/aws\"]",
      "instances": [
        {
          "schema_version": 0,
          "attributes": {
            "ami_type": "AL2_x86_64",
            "arn": "arn:aws:eks:us-west-2:939178415097:nodegroup/pre-prod-eks-cluster/Default-node-group/14c1ad6e-8c93-7d8f-84d4-baf09041c203",
            "capacity_type": "ON_DEMAND",
            "cluster_name": "pre-prod-eks-cluster",
            "disk_size": 50,
            "force_update_version": null,
            "id": "pre-prod-eks-cluster:Default-node-group",
            "instance_types": [
              "m5.large"
            ],
            "labels": null,
            "launch_template": [],
            "node_group_name": "Default-node-group",
            "node_group_name_prefix": "",
            "node_role_arn": "arn:aws:iam::939178415097:role/pre_prod_node_group_role",
            "release_version": "1.22.12-20220914",
            "remote_access": [],
            "resources": [
              {
                "autoscaling_groups": [
                  {
                    "name": "eks-Default-node-group-14c1ad6e-8c93-7d8f-84d4-baf09041c203"
                  }
                ],
                "remote_access_security_group_id": ""
              }
            ],
            "scaling_config": [
              {
                "desired_size": 2,
                "max_size": 5,
                "min_size": 2
              }
            ],
            "status": "ACTIVE",
            "subnet_ids": [
              "subnet-01844355bd3b8abbf",
              "subnet-0eb6c72eaa3bce2dc"
            ],
            "tags": {
              "Environment": "preprod",
              "Name": "Default-node-group"
            },
            "tags_all": {
              "Environment": "preprod",
              "Name": "Default-node-group"
            },
            "taint": [],
            "timeouts": null,
            "update_config": [
              {
                "max_unavailable": 1,
                "max_unavailable_percentage": 0
              }
            ],
            "version": "1.22"
          },
          "sensitive_attributes": [],
          "private": "eyJlMmJmYjczMC1lY2FhLTExZTYtOGY4OC0zNDM2M2JjN2M0YzAiOnsiY3JlYXRlIjozNjAwMDAwMDAwMDAwLCJkZWxldGUiOjM2MDAwMDAwMDAwMDAsInVwZGF0ZSI6MzYwMDAwMDAwMDAwMH19",
          "dependencies": [
            "module.eks.aws_eks_cluster.eks_cluster",
            "module.eks.aws_iam_role.eks_nodes",
            "module.eks.aws_iam_role_policy_attachment.AmazonEC2ContainerRegistryReadOnly",
            "module.eks.aws_iam_role_policy_attachment.AmazonEKSWorkerNodePolicy",
            "module.eks.aws_iam_role_policy_attachment.AmazonEKS_CNI_Policy"
          ],
          "create_before_destroy": true
        }
      ]
    },
    {
      "module": "module.eks",
      "mode": "managed",
      "type": "aws_eks_node_group",
      "name": "node_group",
      "provider": "provider[\"registry.terraform.io/hashicorp/aws\"]",
      "instances": [
        {
          "index_key": 0,
          "schema_version": 0,
          "attributes": {
            "ami_type": "AL2_x86_64",
            "arn": "arn:aws:eks:us-west-2:939178415097:nodegroup/pre-prod-eks-cluster/persisters-node-group/84c1ad5c-4f11-0c58-c44c-9b70c3f409d3",
            "capacity_type": "ON_DEMAND",
            "cluster_name": "pre-prod-eks-cluster",
            "disk_size": 50,
            "force_update_version": null,
            "id": "pre-prod-eks-cluster:persisters-node-group",
            "instance_types": [
              "m5.large"
            ],
            "labels": {
              "service": "persisters"
            },
            "launch_template": [],
            "node_group_name": "persisters-node-group",
            "node_group_name_prefix": "",
            "node_role_arn": "arn:aws:iam::939178415097:role/pre_prod_node_group_role",
            "release_version": "1.22.12-20220914",
            "remote_access": [],
            "resources": [
              {
                "autoscaling_groups": [
                  {
                    "name": "eks-persisters-node-group-84c1ad5c-4f11-0c58-c44c-9b70c3f409d3"
                  }
                ],
                "remote_access_security_group_id": ""
              }
            ],
            "scaling_config": [
              {
                "desired_size": 1,
                "max_size": 2,
                "min_size": 1
              }
            ],
            "status": "ACTIVE",
            "subnet_ids": [
              "subnet-01844355bd3b8abbf",
              "subnet-0eb6c72eaa3bce2dc"
            ],
            "tags": {
              "Environment": "preprod",
              "Name": "persisters-node-group"
            },
            "tags_all": {
              "Environment": "preprod",
              "Name": "persisters-node-group"
            },
            "taint": [
              {
                "effect": "NO_SCHEDULE",
                "key": "service",
                "value": "persisters"
              }
            ],
            "timeouts": null,
            "update_config": [
              {
                "max_unavailable": 1,
                "max_unavailable_percentage": 0
              }
            ],
            "version": "1.22"
          },
          "sensitive_attributes": [],
          "private": "eyJlMmJmYjczMC1lY2FhLTExZTYtOGY4OC0zNDM2M2JjN2M0YzAiOnsiY3JlYXRlIjozNjAwMDAwMDAwMDAwLCJkZWxldGUiOjM2MDAwMDAwMDAwMDAsInVwZGF0ZSI6MzYwMDAwMDAwMDAwMH19",
          "dependencies": [
            "module.eks.aws_eks_cluster.eks_cluster",
            "module.eks.aws_iam_role.cluster_role",
            "module.eks.aws_iam_role.eks_nodes",
            "module.eks.aws_iam_role_policy_attachment.AmazonEC2ContainerRegistryReadOnly",
            "module.eks.aws_iam_role_policy_attachment.AmazonEKSWorkerNodePolicy",
            "module.eks.aws_iam_role_policy_attachment.AmazonEKS_CNI_Policy",
            "module.eks.aws_iam_role_policy_attachment.eks-cluster-AmazonEKSClusterPolicy",
            "module.eks.aws_iam_role_policy_attachment.eks-cluster-AmazonEKSServicePolicy",
            "module.eks.aws_security_group.eks_cluster_additional_sg"
          ],
          "create_before_destroy": true
        },
        {
          "index_key": 1,
          "schema_version": 0,
          "attributes": {
            "ami_type": "AL2_x86_64",
            "arn": "arn:aws:eks:us-west-2:939178415097:nodegroup/pre-prod-eks-cluster/listeners-node-group/02c1ad5c-4f17-d069-971a-e34d6e4b7766",
            "capacity_type": "ON_DEMAND",
            "cluster_name": "pre-prod-eks-cluster",
            "disk_size": 50,
            "force_update_version": null,
            "id": "pre-prod-eks-cluster:listeners-node-group",
            "instance_types": [
              "m5.large"
            ],
            "labels": {
              "service": "listeners"
            },
            "launch_template": [],
            "node_group_name": "listeners-node-group",
            "node_group_name_prefix": "",
            "node_role_arn": "arn:aws:iam::939178415097:role/pre_prod_node_group_role",
            "release_version": "1.22.12-20220914",
            "remote_access": [],
            "resources": [
              {
                "autoscaling_groups": [
                  {
                    "name": "eks-listeners-node-group-02c1ad5c-4f17-d069-971a-e34d6e4b7766"
                  }
                ],
                "remote_access_security_group_id": ""
              }
            ],
            "scaling_config": [
              {
                "desired_size": 1,
                "max_size": 2,
                "min_size": 1
              }
            ],
            "status": "ACTIVE",
            "subnet_ids": [
              "subnet-01844355bd3b8abbf",
              "subnet-0eb6c72eaa3bce2dc"
            ],
            "tags": {
              "Environment": "preprod",
              "Name": "listeners-node-group"
            },
            "tags_all": {
              "Environment": "preprod",
              "Name": "listeners-node-group"
            },
            "taint": [
              {
                "effect": "NO_SCHEDULE",
                "key": "service",
                "value": "listeners"
              }
            ],
            "timeouts": null,
            "update_config": [
              {
                "max_unavailable": 1,
                "max_unavailable_percentage": 0
              }
            ],
            "version": "1.22"
          },
          "sensitive_attributes": [],
          "private": "eyJlMmJmYjczMC1lY2FhLTExZTYtOGY4OC0zNDM2M2JjN2M0YzAiOnsiY3JlYXRlIjozNjAwMDAwMDAwMDAwLCJkZWxldGUiOjM2MDAwMDAwMDAwMDAsInVwZGF0ZSI6MzYwMDAwMDAwMDAwMH19",
          "dependencies": [
            "module.eks.aws_eks_cluster.eks_cluster",
            "module.eks.aws_iam_role.cluster_role",
            "module.eks.aws_iam_role.eks_nodes",
            "module.eks.aws_iam_role_policy_attachment.AmazonEC2ContainerRegistryReadOnly",
            "module.eks.aws_iam_role_policy_attachment.AmazonEKSWorkerNodePolicy",
            "module.eks.aws_iam_role_policy_attachment.AmazonEKS_CNI_Policy",
            "module.eks.aws_iam_role_policy_attachment.eks-cluster-AmazonEKSClusterPolicy",
            "module.eks.aws_iam_role_policy_attachment.eks-cluster-AmazonEKSServicePolicy",
            "module.eks.aws_security_group.eks_cluster_additional_sg"
          ],
          "create_before_destroy": true
        }
      ]
    },
    {
      "module": "module.eks",
      "mode": "managed",
      "type": "aws_iam_role",
      "name": "cluster_role",
      "provider": "provider[\"registry.terraform.io/hashicorp/aws\"]",
      "instances": [
        {
          "schema_version": 0,
          "attributes": {
            "arn": "arn:aws:iam::939178415097:role/pre_prod_eks_cluster_role",
            "assume_role_policy": "{\"Version\":\"2012-10-17\",\"Statement\":[{\"Effect\":\"Allow\",\"Principal\":{\"Service\":\"eks.amazonaws.com\"},\"Action\":\"sts:AssumeRole\"}]}",
            "create_date": "2022-09-20T11:25:46Z",
            "description": "",
            "force_detach_policies": false,
            "id": "pre_prod_eks_cluster_role",
            "inline_policy": [
              {
                "name": "",
                "policy": ""
              }
            ],
            "managed_policy_arns": [
              "arn:aws:iam::aws:policy/AmazonEKSClusterPolicy",
              "arn:aws:iam::aws:policy/AmazonEKSServicePolicy"
            ],
            "max_session_duration": 3600,
            "name": "pre_prod_eks_cluster_role",
            "name_prefix": "",
            "path": "/",
            "permissions_boundary": null,
            "tags": {},
            "tags_all": {},
            "unique_id": "AROA5VK3FKP4RUU44FBYI"
          },
          "sensitive_attributes": [],
          "private": "bnVsbA==",
          "create_before_destroy": true
        }
      ]
    },
    {
      "module": "module.eks",
      "mode": "managed",
      "type": "aws_iam_role",
      "name": "eks_nodes",
      "provider": "provider[\"registry.terraform.io/hashicorp/aws\"]",
      "instances": [
        {
          "schema_version": 0,
          "attributes": {
            "arn": "arn:aws:iam::939178415097:role/pre_prod_node_group_role",
            "assume_role_policy": "{\"Version\":\"2012-10-17\",\"Statement\":[{\"Effect\":\"Allow\",\"Principal\":{\"Service\":\"ec2.amazonaws.com\"},\"Action\":\"sts:AssumeRole\"}]}",
            "create_date": "2022-09-20T11:25:46Z",
            "description": "",
            "force_detach_policies": false,
            "id": "pre_prod_node_group_role",
            "inline_policy": [
              {
                "name": "",
                "policy": ""
              }
            ],
            "managed_policy_arns": [
              "arn:aws:iam::aws:policy/AmazonEC2ContainerRegistryReadOnly",
              "arn:aws:iam::aws:policy/AmazonEKSWorkerNodePolicy",
              "arn:aws:iam::aws:policy/AmazonEKS_CNI_Policy"
            ],
            "max_session_duration": 3600,
            "name": "pre_prod_node_group_role",
            "name_prefix": "",
            "path": "/",
            "permissions_boundary": null,
            "tags": {},
            "tags_all": {},
            "unique_id": "AROA5VK3FKP4W5L4SBE22"
          },
          "sensitive_attributes": [],
          "private": "bnVsbA==",
          "create_before_destroy": true
        }
      ]
    },
    {
      "module": "module.eks",
      "mode": "managed",
      "type": "aws_iam_role_policy_attachment",
      "name": "AmazonEC2ContainerRegistryReadOnly",
      "provider": "provider[\"registry.terraform.io/hashicorp/aws\"]",
      "instances": [
        {
          "schema_version": 0,
          "attributes": {
            "id": "pre_prod_node_group_role-20220920112548226900000002",
            "policy_arn": "arn:aws:iam::aws:policy/AmazonEC2ContainerRegistryReadOnly",
            "role": "pre_prod_node_group_role"
          },
          "sensitive_attributes": [],
          "private": "bnVsbA==",
          "dependencies": [
            "module.eks.aws_iam_role.eks_nodes"
          ],
          "create_before_destroy": true
        }
      ]
    },
    {
      "module": "module.eks",
      "mode": "managed",
      "type": "aws_iam_role_policy_attachment",
      "name": "AmazonEKSWorkerNodePolicy",
      "provider": "provider[\"registry.terraform.io/hashicorp/aws\"]",
      "instances": [
        {
          "schema_version": 0,
          "attributes": {
            "id": "pre_prod_node_group_role-20220920112548223100000001",
            "policy_arn": "arn:aws:iam::aws:policy/AmazonEKSWorkerNodePolicy",
            "role": "pre_prod_node_group_role"
          },
          "sensitive_attributes": [],
          "private": "bnVsbA==",
          "dependencies": [
            "module.eks.aws_iam_role.eks_nodes"
          ],
          "create_before_destroy": true
        }
      ]
    },
    {
      "module": "module.eks",
      "mode": "managed",
      "type": "aws_iam_role_policy_attachment",
      "name": "AmazonEKS_CNI_Policy",
      "provider": "provider[\"registry.terraform.io/hashicorp/aws\"]",
      "instances": [
        {
          "schema_version": 0,
          "attributes": {
            "id": "pre_prod_node_group_role-20220920112548228600000003",
            "policy_arn": "arn:aws:iam::aws:policy/AmazonEKS_CNI_Policy",
            "role": "pre_prod_node_group_role"
          },
          "sensitive_attributes": [],
          "private": "bnVsbA==",
          "dependencies": [
            "module.eks.aws_iam_role.eks_nodes"
          ],
          "create_before_destroy": true
        }
      ]
    },
    {
      "module": "module.eks",
      "mode": "managed",
      "type": "aws_iam_role_policy_attachment",
      "name": "eks-cluster-AmazonEKSClusterPolicy",
      "provider": "provider[\"registry.terraform.io/hashicorp/aws\"]",
      "instances": [
        {
          "schema_version": 0,
          "attributes": {
            "id": "pre_prod_eks_cluster_role-20220920112548277200000005",
            "policy_arn": "arn:aws:iam::aws:policy/AmazonEKSClusterPolicy",
            "role": "pre_prod_eks_cluster_role"
          },
          "sensitive_attributes": [],
          "private": "bnVsbA==",
          "dependencies": [
            "module.eks.aws_iam_role.cluster_role"
          ],
          "create_before_destroy": true
        }
      ]
    },
    {
      "module": "module.eks",
      "mode": "managed",
      "type": "aws_iam_role_policy_attachment",
      "name": "eks-cluster-AmazonEKSServicePolicy",
      "provider": "provider[\"registry.terraform.io/hashicorp/aws\"]",
      "instances": [
        {
          "schema_version": 0,
          "attributes": {
            "id": "pre_prod_eks_cluster_role-20220920112548271300000004",
            "policy_arn": "arn:aws:iam::aws:policy/AmazonEKSServicePolicy",
            "role": "pre_prod_eks_cluster_role"
          },
          "sensitive_attributes": [],
          "private": "bnVsbA==",
          "dependencies": [
            "module.eks.aws_iam_role.cluster_role"
          ],
          "create_before_destroy": true
        }
      ]
    },
    {
      "module": "module.eks",
      "mode": "managed",
      "type": "aws_security_group",
      "name": "eks_cluster_additional_sg",
      "provider": "provider[\"registry.terraform.io/hashicorp/aws\"]",
      "instances": [
        {
          "schema_version": 1,
          "attributes": {
            "arn": "arn:aws:ec2:us-west-2:939178415097:security-group/sg-0470081ade4442f92",
            "description": "sg_for_preprod_eks_cluster_additional_sg",
            "egress": [
              {
                "cidr_blocks": [
                  "0.0.0.0/0"
                ],
                "description": "",
                "from_port": 0,
                "ipv6_cidr_blocks": [],
                "prefix_list_ids": [],
                "protocol": "-1",
                "security_groups": [],
                "self": false,
                "to_port": 0
              }
            ],
            "id": "sg-0470081ade4442f92",
            "ingress": [
              {
                "cidr_blocks": [
                  "10.50.30.8/32"
                ],
                "description": "Allow access to kube",
                "from_port": 443,
                "ipv6_cidr_blocks": [],
                "prefix_list_ids": [],
                "protocol": "tcp",
                "security_groups": [],
                "self": false,
                "to_port": 443
              }
            ],
            "name": "sg_for_preprod_eks_cluster_additional_sg",
            "name_prefix": "",
            "owner_id": "939178415097",
            "revoke_rules_on_delete": false,
            "tags": {
              "Name": "sg_for_preprod_eks_cluster_additional_sg"
            },
            "tags_all": {
              "Name": "sg_for_preprod_eks_cluster_additional_sg"
            },
            "timeouts": null,
            "vpc_id": "vpc-08fcbad31b564128e"
          },
          "sensitive_attributes": [],
          "private": "eyJlMmJmYjczMC1lY2FhLTExZTYtOGY4OC0zNDM2M2JjN2M0YzAiOnsiY3JlYXRlIjo2MDAwMDAwMDAwMDAsImRlbGV0ZSI6OTAwMDAwMDAwMDAwfSwic2NoZW1hX3ZlcnNpb24iOiIxIn0=",
          "create_before_destroy": true
        }
      ]
    },
    {
      "module": "module.eks",
      "mode": "managed",
      "type": "aws_security_group_rule",
      "name": "sg_eks_cluster_additional_ingress_rules",
      "provider": "provider[\"registry.terraform.io/hashicorp/aws\"]",
      "instances": [
        {
          "index_key": "htpps_access",
          "schema_version": 2,
          "attributes": {
            "cidr_blocks": [
              "10.50.30.8/32"
            ],
            "description": "Allow access to kube",
            "from_port": 443,
            "id": "sgrule-804810020",
            "ipv6_cidr_blocks": [],
            "prefix_list_ids": [],
            "protocol": "tcp",
            "security_group_id": "sg-0470081ade4442f92",
            "self": false,
            "source_security_group_id": null,
            "to_port": 443,
            "type": "ingress"
          },
          "sensitive_attributes": [],
          "private": "eyJzY2hlbWFfdmVyc2lvbiI6IjIifQ==",
          "dependencies": [
            "module.eks.aws_security_group.eks_cluster_additional_sg"
          ]
        }
      ]
    }
  ]
}
